// !$*UTF8*$!
{
	archiveVersion = 1;
	classes = {
	};
	objectVersion = 45;
	objects = {

/* Begin PBXBuildFile section */
		1D3623260D0F684500981E51 /* Tin_Can_WhiteboardAppDelegate.m in Sources */ = {isa = PBXBuildFile; fileRef = 1D3623250D0F684500981E51 /* Tin_Can_WhiteboardAppDelegate.m */; };
		1D60589B0D05DD56006BFB54 /* main.m in Sources */ = {isa = PBXBuildFile; fileRef = 29B97316FDCFA39411CA2CEA /* main.m */; };
		1D60589F0D05DD5A006BFB54 /* Foundation.framework in Frameworks */ = {isa = PBXBuildFile; fileRef = 1D30AB110D05D00D00671497 /* Foundation.framework */; };
		1DF5F4E00D08C38300B7A737 /* UIKit.framework in Frameworks */ = {isa = PBXBuildFile; fileRef = 1DF5F4DF0D08C38300B7A737 /* UIKit.framework */; };
		288765A50DF7441C002DB57D /* CoreGraphics.framework in Frameworks */ = {isa = PBXBuildFile; fileRef = 288765A40DF7441C002DB57D /* CoreGraphics.framework */; };
		2899E5220DE3E06400AC0155 /* Tin_Can_WhiteboardViewController.xib in Resources */ = {isa = PBXBuildFile; fileRef = 2899E5210DE3E06400AC0155 /* Tin_Can_WhiteboardViewController.xib */; };
		28AD733F0D9D9553002E5188 /* MainWindow.xib in Resources */ = {isa = PBXBuildFile; fileRef = 28AD733E0D9D9553002E5188 /* MainWindow.xib */; };
		28D7ACF80DDB3853001CB0EB /* Tin_Can_WhiteboardViewController.m in Sources */ = {isa = PBXBuildFile; fileRef = 28D7ACF70DDB3853001CB0EB /* Tin_Can_WhiteboardViewController.m */; };
		DA24ABD711BEC394001EA3A6 /* EraserButton.m in Sources */ = {isa = PBXBuildFile; fileRef = DA24ABD611BEC394001EA3A6 /* EraserButton.m */; };
		DA24ACD411BFD7C9001EA3A6 /* EraseAllButton.m in Sources */ = {isa = PBXBuildFile; fileRef = DA24ACD311BFD7C9001EA3A6 /* EraseAllButton.m */; };
		DA24AEC911C024D8001EA3A6 /* ColorButton.m in Sources */ = {isa = PBXBuildFile; fileRef = DA24AEC811C024D8001EA3A6 /* ColorButton.m */; };
		DA24AFB111C139F8001EA3A6 /* SizeButton.m in Sources */ = {isa = PBXBuildFile; fileRef = DA24AFB011C139F8001EA3A6 /* SizeButton.m */; };
		DA24B0C511C28DA9001EA3A6 /* add.png in Resources */ = {isa = PBXBuildFile; fileRef = DA24B0B011C28DA9001EA3A6 /* add.png */; };
		DA24B0C611C28DA9001EA3A6 /* arrow_refresh.png in Resources */ = {isa = PBXBuildFile; fileRef = DA24B0B111C28DA9001EA3A6 /* arrow_refresh.png */; };
		DA24B0C711C28DA9001EA3A6 /* bullet_blue.png in Resources */ = {isa = PBXBuildFile; fileRef = DA24B0B211C28DA9001EA3A6 /* bullet_blue.png */; };
		DA24B0C811C28DA9001EA3A6 /* bullet_green.png in Resources */ = {isa = PBXBuildFile; fileRef = DA24B0B311C28DA9001EA3A6 /* bullet_green.png */; };
		DA24B0C911C28DA9001EA3A6 /* bullet_orange.png in Resources */ = {isa = PBXBuildFile; fileRef = DA24B0B411C28DA9001EA3A6 /* bullet_orange.png */; };
		DA24B0CA11C28DA9001EA3A6 /* bullet_purple.png in Resources */ = {isa = PBXBuildFile; fileRef = DA24B0B511C28DA9001EA3A6 /* bullet_purple.png */; };
		DA24B0CB11C28DA9001EA3A6 /* bullet_red.png in Resources */ = {isa = PBXBuildFile; fileRef = DA24B0B611C28DA9001EA3A6 /* bullet_red.png */; };
		DA24B0CC11C28DA9001EA3A6 /* bullet_white.png in Resources */ = {isa = PBXBuildFile; fileRef = DA24B0B711C28DA9001EA3A6 /* bullet_white.png */; };
		DA24B0CD11C28DA9001EA3A6 /* bullet_yellow.png in Resources */ = {isa = PBXBuildFile; fileRef = DA24B0B811C28DA9001EA3A6 /* bullet_yellow.png */; };
		DA24B0CE11C28DA9001EA3A6 /* color_swatch.png in Resources */ = {isa = PBXBuildFile; fileRef = DA24B0B911C28DA9001EA3A6 /* color_swatch.png */; };
		DA24B0CF11C28DA9001EA3A6 /* delete.png in Resources */ = {isa = PBXBuildFile; fileRef = DA24B0BA11C28DA9001EA3A6 /* delete.png */; };
		DA24B0D011C28DA9001EA3A6 /* page_white_paint.png in Resources */ = {isa = PBXBuildFile; fileRef = DA24B0BB11C28DA9001EA3A6 /* page_white_paint.png */; };
		DA24B0D111C28DA9001EA3A6 /* page_white_paintbrush 2.png in Resources */ = {isa = PBXBuildFile; fileRef = DA24B0BC11C28DA9001EA3A6 /* page_white_paintbrush 2.png */; };
		DA24B0D211C28DA9001EA3A6 /* page_white_paintbrush.png in Resources */ = {isa = PBXBuildFile; fileRef = DA24B0BD11C28DA9001EA3A6 /* page_white_paintbrush.png */; };
		DA24B0D311C28DA9001EA3A6 /* paintbrush.png in Resources */ = {isa = PBXBuildFile; fileRef = DA24B0BE11C28DA9001EA3A6 /* paintbrush.png */; };
		DA24B0D411C28DA9001EA3A6 /* palette.png in Resources */ = {isa = PBXBuildFile; fileRef = DA24B0BF11C28DA9001EA3A6 /* palette.png */; };
		DA24B0D511C28DA9001EA3A6 /* pencil_add.png in Resources */ = {isa = PBXBuildFile; fileRef = DA24B0C011C28DA9001EA3A6 /* pencil_add.png */; };
		DA24B0D611C28DA9001EA3A6 /* pencil_delete.png in Resources */ = {isa = PBXBuildFile; fileRef = DA24B0C111C28DA9001EA3A6 /* pencil_delete.png */; };
		DA24B0D711C28DA9001EA3A6 /* pencil.png in Resources */ = {isa = PBXBuildFile; fileRef = DA24B0C211C28DA9001EA3A6 /* pencil.png */; };
		DA24B0D811C28DA9001EA3A6 /* tab.png in Resources */ = {isa = PBXBuildFile; fileRef = DA24B0C311C28DA9001EA3A6 /* tab.png */; };
		DA24B0D911C28DA9001EA3A6 /* wrench.png in Resources */ = {isa = PBXBuildFile; fileRef = DA24B0C411C28DA9001EA3A6 /* wrench.png */; };
		DAFEB76D11B570F10050A558 /* WhiteboardView.m in Sources */ = {isa = PBXBuildFile; fileRef = DAFEB76C11B570F10050A558 /* WhiteboardView.m */; };
/* End PBXBuildFile section */

/* Begin PBXFileReference section */
		1D30AB110D05D00D00671497 /* Foundation.framework */ = {isa = PBXFileReference; lastKnownFileType = wrapper.framework; name = Foundation.framework; path = System/Library/Frameworks/Foundation.framework; sourceTree = SDKROOT; };
		1D3623240D0F684500981E51 /* Tin_Can_WhiteboardAppDelegate.h */ = {isa = PBXFileReference; fileEncoding = 4; lastKnownFileType = sourcecode.c.h; path = Tin_Can_WhiteboardAppDelegate.h; sourceTree = "<group>"; };
		1D3623250D0F684500981E51 /* Tin_Can_WhiteboardAppDelegate.m */ = {isa = PBXFileReference; fileEncoding = 4; lastKnownFileType = sourcecode.c.objc; path = Tin_Can_WhiteboardAppDelegate.m; sourceTree = "<group>"; };
		1D6058910D05DD3D006BFB54 /* Tin-Can-Whiteboard.app */ = {isa = PBXFileReference; explicitFileType = wrapper.application; includeInIndex = 0; path = "Tin-Can-Whiteboard.app"; sourceTree = BUILT_PRODUCTS_DIR; };
		1DF5F4DF0D08C38300B7A737 /* UIKit.framework */ = {isa = PBXFileReference; lastKnownFileType = wrapper.framework; name = UIKit.framework; path = System/Library/Frameworks/UIKit.framework; sourceTree = SDKROOT; };
		288765A40DF7441C002DB57D /* CoreGraphics.framework */ = {isa = PBXFileReference; lastKnownFileType = wrapper.framework; name = CoreGraphics.framework; path = System/Library/Frameworks/CoreGraphics.framework; sourceTree = SDKROOT; };
		2899E5210DE3E06400AC0155 /* Tin_Can_WhiteboardViewController.xib */ = {isa = PBXFileReference; lastKnownFileType = file.xib; path = Tin_Can_WhiteboardViewController.xib; sourceTree = "<group>"; };
		28AD733E0D9D9553002E5188 /* MainWindow.xib */ = {isa = PBXFileReference; lastKnownFileType = file.xib; path = MainWindow.xib; sourceTree = "<group>"; };
		28D7ACF60DDB3853001CB0EB /* Tin_Can_WhiteboardViewController.h */ = {isa = PBXFileReference; fileEncoding = 4; lastKnownFileType = sourcecode.c.h; path = Tin_Can_WhiteboardViewController.h; sourceTree = "<group>"; };
		28D7ACF70DDB3853001CB0EB /* Tin_Can_WhiteboardViewController.m */ = {isa = PBXFileReference; fileEncoding = 4; lastKnownFileType = sourcecode.c.objc; path = Tin_Can_WhiteboardViewController.m; sourceTree = "<group>"; };
		29B97316FDCFA39411CA2CEA /* main.m */ = {isa = PBXFileReference; fileEncoding = 4; lastKnownFileType = sourcecode.c.objc; path = main.m; sourceTree = "<group>"; };
		32CA4F630368D1EE00C91783 /* Tin_Can_Whiteboard_Prefix.pch */ = {isa = PBXFileReference; fileEncoding = 4; lastKnownFileType = sourcecode.c.h; path = Tin_Can_Whiteboard_Prefix.pch; sourceTree = "<group>"; };
		8D1107310486CEB800E47090 /* Tin_Can_Whiteboard-Info.plist */ = {isa = PBXFileReference; fileEncoding = 4; lastKnownFileType = text.plist.xml; path = "Tin_Can_Whiteboard-Info.plist"; plistStructureDefinitionIdentifier = "com.apple.xcode.plist.structure-definition.iphone.info-plist"; sourceTree = "<group>"; };
		DA24ABD511BEC394001EA3A6 /* EraserButton.h */ = {isa = PBXFileReference; fileEncoding = 4; lastKnownFileType = sourcecode.c.h; path = EraserButton.h; sourceTree = "<group>"; };
		DA24ABD611BEC394001EA3A6 /* EraserButton.m */ = {isa = PBXFileReference; fileEncoding = 4; lastKnownFileType = sourcecode.c.objc; path = EraserButton.m; sourceTree = "<group>"; };
		DA24ACD211BFD7C9001EA3A6 /* EraseAllButton.h */ = {isa = PBXFileReference; fileEncoding = 4; lastKnownFileType = sourcecode.c.h; path = EraseAllButton.h; sourceTree = "<group>"; };
		DA24ACD311BFD7C9001EA3A6 /* EraseAllButton.m */ = {isa = PBXFileReference; fileEncoding = 4; lastKnownFileType = sourcecode.c.objc; path = EraseAllButton.m; sourceTree = "<group>"; };
		DA24AEC711C024D8001EA3A6 /* ColorButton.h */ = {isa = PBXFileReference; fileEncoding = 4; lastKnownFileType = sourcecode.c.h; path = ColorButton.h; sourceTree = "<group>"; };
		DA24AEC811C024D8001EA3A6 /* ColorButton.m */ = {isa = PBXFileReference; fileEncoding = 4; lastKnownFileType = sourcecode.c.objc; path = ColorButton.m; sourceTree = "<group>"; };
		DA24AFAF11C139F8001EA3A6 /* SizeButton.h */ = {isa = PBXFileReference; fileEncoding = 4; lastKnownFileType = sourcecode.c.h; path = SizeButton.h; sourceTree = "<group>"; };
		DA24AFB011C139F8001EA3A6 /* SizeButton.m */ = {isa = PBXFileReference; fileEncoding = 4; lastKnownFileType = sourcecode.c.objc; path = SizeButton.m; sourceTree = "<group>"; };
		DA24B0B011C28DA9001EA3A6 /* add.png */ = {isa = PBXFileReference; lastKnownFileType = image.png; name = add.png; path = icons/add.png; sourceTree = "<group>"; };
		DA24B0B111C28DA9001EA3A6 /* arrow_refresh.png */ = {isa = PBXFileReference; lastKnownFileType = image.png; name = arrow_refresh.png; path = icons/arrow_refresh.png; sourceTree = "<group>"; };
		DA24B0B211C28DA9001EA3A6 /* bullet_blue.png */ = {isa = PBXFileReference; lastKnownFileType = image.png; name = bullet_blue.png; path = icons/bullet_blue.png; sourceTree = "<group>"; };
		DA24B0B311C28DA9001EA3A6 /* bullet_green.png */ = {isa = PBXFileReference; lastKnownFileType = image.png; name = bullet_green.png; path = icons/bullet_green.png; sourceTree = "<group>"; };
		DA24B0B411C28DA9001EA3A6 /* bullet_orange.png */ = {isa = PBXFileReference; lastKnownFileType = image.png; name = bullet_orange.png; path = icons/bullet_orange.png; sourceTree = "<group>"; };
		DA24B0B511C28DA9001EA3A6 /* bullet_purple.png */ = {isa = PBXFileReference; lastKnownFileType = image.png; name = bullet_purple.png; path = icons/bullet_purple.png; sourceTree = "<group>"; };
		DA24B0B611C28DA9001EA3A6 /* bullet_red.png */ = {isa = PBXFileReference; lastKnownFileType = image.png; name = bullet_red.png; path = icons/bullet_red.png; sourceTree = "<group>"; };
		DA24B0B711C28DA9001EA3A6 /* bullet_white.png */ = {isa = PBXFileReference; lastKnownFileType = image.png; name = bullet_white.png; path = icons/bullet_white.png; sourceTree = "<group>"; };
		DA24B0B811C28DA9001EA3A6 /* bullet_yellow.png */ = {isa = PBXFileReference; lastKnownFileType = image.png; name = bullet_yellow.png; path = icons/bullet_yellow.png; sourceTree = "<group>"; };
		DA24B0B911C28DA9001EA3A6 /* color_swatch.png */ = {isa = PBXFileReference; lastKnownFileType = image.png; name = color_swatch.png; path = icons/color_swatch.png; sourceTree = "<group>"; };
		DA24B0BA11C28DA9001EA3A6 /* delete.png */ = {isa = PBXFileReference; lastKnownFileType = image.png; name = delete.png; path = icons/delete.png; sourceTree = "<group>"; };
		DA24B0BB11C28DA9001EA3A6 /* page_white_paint.png */ = {isa = PBXFileReference; lastKnownFileType = image.png; name = page_white_paint.png; path = icons/page_white_paint.png; sourceTree = "<group>"; };
		DA24B0BC11C28DA9001EA3A6 /* page_white_paintbrush 2.png */ = {isa = PBXFileReference; lastKnownFileType = image.png; name = "page_white_paintbrush 2.png"; path = "icons/page_white_paintbrush 2.png"; sourceTree = "<group>"; };
		DA24B0BD11C28DA9001EA3A6 /* page_white_paintbrush.png */ = {isa = PBXFileReference; lastKnownFileType = image.png; name = page_white_paintbrush.png; path = icons/page_white_paintbrush.png; sourceTree = "<group>"; };
		DA24B0BE11C28DA9001EA3A6 /* paintbrush.png */ = {isa = PBXFileReference; lastKnownFileType = image.png; name = paintbrush.png; path = icons/paintbrush.png; sourceTree = "<group>"; };
		DA24B0BF11C28DA9001EA3A6 /* palette.png */ = {isa = PBXFileReference; lastKnownFileType = image.png; name = palette.png; path = icons/palette.png; sourceTree = "<group>"; };
		DA24B0C011C28DA9001EA3A6 /* pencil_add.png */ = {isa = PBXFileReference; lastKnownFileType = image.png; name = pencil_add.png; path = icons/pencil_add.png; sourceTree = "<group>"; };
		DA24B0C111C28DA9001EA3A6 /* pencil_delete.png */ = {isa = PBXFileReference; lastKnownFileType = image.png; name = pencil_delete.png; path = icons/pencil_delete.png; sourceTree = "<group>"; };
		DA24B0C211C28DA9001EA3A6 /* pencil.png */ = {isa = PBXFileReference; lastKnownFileType = image.png; name = pencil.png; path = icons/pencil.png; sourceTree = "<group>"; };
		DA24B0C311C28DA9001EA3A6 /* tab.png */ = {isa = PBXFileReference; lastKnownFileType = image.png; name = tab.png; path = icons/tab.png; sourceTree = "<group>"; };
		DA24B0C411C28DA9001EA3A6 /* wrench.png */ = {isa = PBXFileReference; lastKnownFileType = image.png; name = wrench.png; path = icons/wrench.png; sourceTree = "<group>"; };
		DAFEB76B11B570F10050A558 /* WhiteboardView.h */ = {isa = PBXFileReference; fileEncoding = 4; lastKnownFileType = sourcecode.c.h; path = WhiteboardView.h; sourceTree = "<group>"; };
		DAFEB76C11B570F10050A558 /* WhiteboardView.m */ = {isa = PBXFileReference; fileEncoding = 4; indentWidth = 4; lastKnownFileType = sourcecode.c.objc; path = WhiteboardView.m; sourceTree = "<group>"; tabWidth = 4; usesTabs = 1; };
/* End PBXFileReference section */

/* Begin PBXFrameworksBuildPhase section */
		1D60588F0D05DD3D006BFB54 /* Frameworks */ = {
			isa = PBXFrameworksBuildPhase;
			buildActionMask = 2147483647;
			files = (
				1D60589F0D05DD5A006BFB54 /* Foundation.framework in Frameworks */,
				1DF5F4E00D08C38300B7A737 /* UIKit.framework in Frameworks */,
				288765A50DF7441C002DB57D /* CoreGraphics.framework in Frameworks */,
			);
			runOnlyForDeploymentPostprocessing = 0;
		};
/* End PBXFrameworksBuildPhase section */

/* Begin PBXGroup section */
		080E96DDFE201D6D7F000001 /* Classes */ = {
			isa = PBXGroup;
			children = (
				1D3623240D0F684500981E51 /* Tin_Can_WhiteboardAppDelegate.h */,
				1D3623250D0F684500981E51 /* Tin_Can_WhiteboardAppDelegate.m */,
				28D7ACF60DDB3853001CB0EB /* Tin_Can_WhiteboardViewController.h */,
				28D7ACF70DDB3853001CB0EB /* Tin_Can_WhiteboardViewController.m */,
				DAFEB76B11B570F10050A558 /* WhiteboardView.h */,
				DAFEB76C11B570F10050A558 /* WhiteboardView.m */,
				DA24ABD511BEC394001EA3A6 /* EraserButton.h */,
				DA24ABD611BEC394001EA3A6 /* EraserButton.m */,
				DA24ACD211BFD7C9001EA3A6 /* EraseAllButton.h */,
				DA24ACD311BFD7C9001EA3A6 /* EraseAllButton.m */,
				DA24AFAF11C139F8001EA3A6 /* SizeButton.h */,
				DA24AFB011C139F8001EA3A6 /* SizeButton.m */,
				DA24AEC711C024D8001EA3A6 /* ColorButton.h */,
				DA24AEC811C024D8001EA3A6 /* ColorButton.m */,
			);
			path = Classes;
			sourceTree = "<group>";
		};
		19C28FACFE9D520D11CA2CBB /* Products */ = {
			isa = PBXGroup;
			children = (
				1D6058910D05DD3D006BFB54 /* Tin-Can-Whiteboard.app */,
			);
			name = Products;
			sourceTree = "<group>";
		};
		29B97314FDCFA39411CA2CEA /* CustomTemplate */ = {
			isa = PBXGroup;
			children = (
				DAE13FFE11B98CE50074D31E,
				080E96DDFE201D6D7F000001 /* Classes */,
				29B97315FDCFA39411CA2CEA /* Other Sources */,
				29B97317FDCFA39411CA2CEA /* Resources */,
				29B97323FDCFA39411CA2CEA /* Frameworks */,
				19C28FACFE9D520D11CA2CBB /* Products */,
			);
			name = CustomTemplate;
			sourceTree = "<group>";
		};
		29B97315FDCFA39411CA2CEA /* Other Sources */ = {
			isa = PBXGroup;
			children = (
				32CA4F630368D1EE00C91783 /* Tin_Can_Whiteboard_Prefix.pch */,
				29B97316FDCFA39411CA2CEA /* main.m */,
			);
			name = "Other Sources";
			sourceTree = "<group>";
		};
		29B97317FDCFA39411CA2CEA /* Resources */ = {
			isa = PBXGroup;
			children = (
				2899E5210DE3E06400AC0155 /* Tin_Can_WhiteboardViewController.xib */,
				DA24B0B011C28DA9001EA3A6 /* add.png */,
				DA24B0B111C28DA9001EA3A6 /* arrow_refresh.png */,
				DA24B0B211C28DA9001EA3A6 /* bullet_blue.png */,
				DA24B0B311C28DA9001EA3A6 /* bullet_green.png */,
				DA24B0B411C28DA9001EA3A6 /* bullet_orange.png */,
				DA24B0B511C28DA9001EA3A6 /* bullet_purple.png */,
				DA24B0B611C28DA9001EA3A6 /* bullet_red.png */,
				DA24B0B711C28DA9001EA3A6 /* bullet_white.png */,
				DA24B0B811C28DA9001EA3A6 /* bullet_yellow.png */,
				DA24B0B911C28DA9001EA3A6 /* color_swatch.png */,
				DA24B0BA11C28DA9001EA3A6 /* delete.png */,
				DA24B0BB11C28DA9001EA3A6 /* page_white_paint.png */,
				DA24B0BC11C28DA9001EA3A6 /* page_white_paintbrush 2.png */,
				DA24B0BD11C28DA9001EA3A6 /* page_white_paintbrush.png */,
				DA24B0BE11C28DA9001EA3A6 /* paintbrush.png */,
				DA24B0BF11C28DA9001EA3A6 /* palette.png */,
				DA24B0C011C28DA9001EA3A6 /* pencil_add.png */,
				DA24B0C111C28DA9001EA3A6 /* pencil_delete.png */,
				DA24B0C211C28DA9001EA3A6 /* pencil.png */,
				DA24B0C311C28DA9001EA3A6 /* tab.png */,
				DA24B0C411C28DA9001EA3A6 /* wrench.png */,
				28AD733E0D9D9553002E5188 /* MainWindow.xib */,
				8D1107310486CEB800E47090 /* Tin_Can_Whiteboard-Info.plist */,
			);
			name = Resources;
			sourceTree = "<group>";
		};
		29B97323FDCFA39411CA2CEA /* Frameworks */ = {
			isa = PBXGroup;
			children = (
				1DF5F4DF0D08C38300B7A737 /* UIKit.framework */,
				1D30AB110D05D00D00671497 /* Foundation.framework */,
				288765A40DF7441C002DB57D /* CoreGraphics.framework */,
			);
			name = Frameworks;
			sourceTree = "<group>";
		};
		DAE13FFE11B98CE50074D31E = {
			isa = PBXGroup;
			children = (
			);
			sourceTree = "<group>";
		};
/* End PBXGroup section */

/* Begin PBXNativeTarget section */
		1D6058900D05DD3D006BFB54 /* Tin-Can-Whiteboard */ = {
			isa = PBXNativeTarget;
			buildConfigurationList = 1D6058960D05DD3E006BFB54 /* Build configuration list for PBXNativeTarget "Tin-Can-Whiteboard" */;
			buildPhases = (
				1D60588D0D05DD3D006BFB54 /* Resources */,
				1D60588E0D05DD3D006BFB54 /* Sources */,
				1D60588F0D05DD3D006BFB54 /* Frameworks */,
			);
			buildRules = (
			);
			dependencies = (
			);
			name = "Tin-Can-Whiteboard";
			productName = "Tin-Can-Whiteboard";
			productReference = 1D6058910D05DD3D006BFB54 /* Tin-Can-Whiteboard.app */;
			productType = "com.apple.product-type.application";
		};
/* End PBXNativeTarget section */

/* Begin PBXProject section */
		29B97313FDCFA39411CA2CEA /* Project object */ = {
			isa = PBXProject;
			buildConfigurationList = C01FCF4E08A954540054247B /* Build configuration list for PBXProject "Tin-Can-Whiteboard" */;
			compatibilityVersion = "Xcode 3.1";
			hasScannedForEncodings = 1;
			mainGroup = 29B97314FDCFA39411CA2CEA /* CustomTemplate */;
			projectDirPath = "";
			projectRoot = "";
			targets = (
				1D6058900D05DD3D006BFB54 /* Tin-Can-Whiteboard */,
			);
		};
/* End PBXProject section */

/* Begin PBXResourcesBuildPhase section */
		1D60588D0D05DD3D006BFB54 /* Resources */ = {
			isa = PBXResourcesBuildPhase;
			buildActionMask = 2147483647;
			files = (
				28AD733F0D9D9553002E5188 /* MainWindow.xib in Resources */,
				2899E5220DE3E06400AC0155 /* Tin_Can_WhiteboardViewController.xib in Resources */,
				DA24B0C511C28DA9001EA3A6 /* add.png in Resources */,
				DA24B0C611C28DA9001EA3A6 /* arrow_refresh.png in Resources */,
				DA24B0C711C28DA9001EA3A6 /* bullet_blue.png in Resources */,
				DA24B0C811C28DA9001EA3A6 /* bullet_green.png in Resources */,
				DA24B0C911C28DA9001EA3A6 /* bullet_orange.png in Resources */,
				DA24B0CA11C28DA9001EA3A6 /* bullet_purple.png in Resources */,
				DA24B0CB11C28DA9001EA3A6 /* bullet_red.png in Resources */,
				DA24B0CC11C28DA9001EA3A6 /* bullet_white.png in Resources */,
				DA24B0CD11C28DA9001EA3A6 /* bullet_yellow.png in Resources */,
				DA24B0CE11C28DA9001EA3A6 /* color_swatch.png in Resources */,
				DA24B0CF11C28DA9001EA3A6 /* delete.png in Resources */,
				DA24B0D011C28DA9001EA3A6 /* page_white_paint.png in Resources */,
				DA24B0D111C28DA9001EA3A6 /* page_white_paintbrush 2.png in Resources */,
				DA24B0D211C28DA9001EA3A6 /* page_white_paintbrush.png in Resources */,
				DA24B0D311C28DA9001EA3A6 /* paintbrush.png in Resources */,
				DA24B0D411C28DA9001EA3A6 /* palette.png in Resources */,
				DA24B0D511C28DA9001EA3A6 /* pencil_add.png in Resources */,
				DA24B0D611C28DA9001EA3A6 /* pencil_delete.png in Resources */,
				DA24B0D711C28DA9001EA3A6 /* pencil.png in Resources */,
				DA24B0D811C28DA9001EA3A6 /* tab.png in Resources */,
				DA24B0D911C28DA9001EA3A6 /* wrench.png in Resources */,
			);
			runOnlyForDeploymentPostprocessing = 0;
		};
/* End PBXResourcesBuildPhase section */

/* Begin PBXSourcesBuildPhase section */
		1D60588E0D05DD3D006BFB54 /* Sources */ = {
			isa = PBXSourcesBuildPhase;
			buildActionMask = 2147483647;
			files = (
				1D60589B0D05DD56006BFB54 /* main.m in Sources */,
				1D3623260D0F684500981E51 /* Tin_Can_WhiteboardAppDelegate.m in Sources */,
				28D7ACF80DDB3853001CB0EB /* Tin_Can_WhiteboardViewController.m in Sources */,
				DAFEB76D11B570F10050A558 /* WhiteboardView.m in Sources */,
				DA24ABD711BEC394001EA3A6 /* EraserButton.m in Sources */,
				DA24ACD411BFD7C9001EA3A6 /* EraseAllButton.m in Sources */,
				DA24AEC911C024D8001EA3A6 /* ColorButton.m in Sources */,
				DA24AFB111C139F8001EA3A6 /* SizeButton.m in Sources */,
			);
			runOnlyForDeploymentPostprocessing = 0;
		};
/* End PBXSourcesBuildPhase section */

/* Begin XCBuildConfiguration section */
		1D6058940D05DD3E006BFB54 /* Debug */ = {
			isa = XCBuildConfiguration;
			buildSettings = {
				ALWAYS_SEARCH_USER_PATHS = NO;
				COPY_PHASE_STRIP = NO;
				GCC_DYNAMIC_NO_PIC = NO;
				GCC_OPTIMIZATION_LEVEL = 0;
				GCC_PRECOMPILE_PREFIX_HEADER = YES;
				GCC_PREFIX_HEADER = Tin_Can_Whiteboard_Prefix.pch;
				INFOPLIST_FILE = "Tin_Can_Whiteboard-Info.plist";
				PRODUCT_NAME = "Tin-Can-Whiteboard";
			};
			name = Debug;
		};
		1D6058950D05DD3E006BFB54 /* Release */ = {
			isa = XCBuildConfiguration;
			buildSettings = {
				ALWAYS_SEARCH_USER_PATHS = NO;
				COPY_PHASE_STRIP = YES;
				GCC_PRECOMPILE_PREFIX_HEADER = YES;
				GCC_PREFIX_HEADER = Tin_Can_Whiteboard_Prefix.pch;
				INFOPLIST_FILE = "Tin_Can_Whiteboard-Info.plist";
				PRODUCT_NAME = "Tin-Can-Whiteboard";
				VALIDATE_PRODUCT = YES;
			};
			name = Release;
		};
		C01FCF4F08A954540054247B /* Debug */ = {
			isa = XCBuildConfiguration;
			buildSettings = {
				"ARCHS[sdk=iphoneos*]" = armv7;
				"ARCHS[sdk=iphonesimulator*]" = i386;
				"CODE_SIGN_IDENTITY[sdk=iphoneos*]" = "iPhone Developer";
				GCC_C_LANGUAGE_STANDARD = c99;
				GCC_WARN_ABOUT_RETURN_TYPE = YES;
				GCC_WARN_UNUSED_VARIABLE = YES;
				PREBINDING = NO;
				SDKROOT = iphoneos3.2;
				TARGETED_DEVICE_FAMILY = 2;
			};
			name = Debug;
		};
		C01FCF5008A954540054247B /* Release */ = {
			isa = XCBuildConfiguration;
			buildSettings = {
				"ARCHS[sdk=iphoneos*]" = armv7;
				"ARCHS[sdk=iphonesimulator*]" = i386;
				"CODE_SIGN_IDENTITY[sdk=iphoneos*]" = "iPhone Developer";
				GCC_C_LANGUAGE_STANDARD = c99;
				GCC_WARN_ABOUT_RETURN_TYPE = YES;
				GCC_WARN_UNUSED_VARIABLE = YES;
				OTHER_CFLAGS = "-DNS_BLOCK_ASSERTIONS=1";
				PREBINDING = NO;
				SDKROOT = iphoneos3.2;
				TARGETED_DEVICE_FAMILY = 2;
			};
			name = Release;
		};
/* End XCBuildConfiguration section */

/* Begin XCConfigurationList section */
		1D6058960D05DD3E006BFB54 /* Build configuration list for PBXNativeTarget "Tin-Can-Whiteboard" */ = {
			isa = XCConfigurationList;
			buildConfigurations = (
				1D6058940D05DD3E006BFB54 /* Debug */,
				1D6058950D05DD3E006BFB54 /* Release */,
			);
			defaultConfigurationIsVisible = 0;
			defaultConfigurationName = Release;
		};
		C01FCF4E08A954540054247B /* Build configuration list for PBXProject "Tin-Can-Whiteboard" */ = {
			isa = XCConfigurationList;
			buildConfigurations = (
				C01FCF4F08A954540054247B /* Debug */,
				C01FCF5008A954540054247B /* Release */,
			);
			defaultConfigurationIsVisible = 0;
			defaultConfigurationName = Release;
		};
/* End XCConfigurationList section */
	};
	rootObject = 29B97313FDCFA39411CA2CEA /* Project object */;
}
